{
  "name": "project-euler",
  "version": "1.0.0",
  "lockfileVersion": 1,
  "requires": true,
  "dependencies": {
    "@types/node": {
      "version": "7.0.18",
      "resolved": "https://registry.npmjs.org/@types/node/-/node-7.0.18.tgz",
      "integrity": "sha1-zWfyfT3Az7dG8L3V4IbExdVb4XM=",
      "dev": true
    },
    "big-integer": {
      "version": "1.6.28",
      "resolved": "https://registry.npmjs.org/big-integer/-/big-integer-1.6.28.tgz",
      "integrity": "sha512-OJT3rzgtsYca/5WmmEuFJDPMwROVh5SSjoEX9wIrpfbbWJ4KqRzShs8Cj6jWHaatBYAeWngBA+kmmrcHSklT1g=="
    }
  }
}
